
Microsoft Visual Studio Solution File, Format Version 12.00
# Visual Studio Version 17
VisualStudioVersion = 17.3.32929.385
MinimumVisualStudioVersion = 10.0.40219.1
Project("{FAE04EC0-301F-11D3-BF4B-00C04F79EFBC}") = "Employee-Payroll", "Employee-Payroll.csproj", "{12D0065F-0989-4F9B-BEB5-F77456FB5B6A}"
EndProject
Global
	GlobalSection(SolutionConfigurationPlatforms) = preSolution
		Debug|Any CPU = Debug|Any CPU
		Release|Any CPU = Release|Any CPU
	EndGlobalSection
	GlobalSection(ProjectConfigurationPlatforms) = postSolution
		{12D0065F-0989-4F9B-BEB5-F77456FB5B6A}.Debug|Any CPU.ActiveCfg = Debug|Any CPU
		{12D0065F-0989-4F9B-BEB5-F77456FB5B6A}.Debug|Any CPU.Build.0 = Debug|Any CPU
		{12D0065F-0989-4F9B-BEB5-F77456FB5B6A}.Release|Any CPU.ActiveCfg = Release|Any CPU
		{12D0065F-0989-4F9B-BEB5-F77456FB5B6A}.Release|Any CPU.Build.0 = Release|Any CPU
	EndGlobalSection
	GlobalSection(SolutionProperties) = preSolution
		HideSolutionNode = FALSE
	EndGlobalSection
	GlobalSection(ExtensibilityGlobals) = postSolution
		SolutionGuid = {A4C0B1EC-19AA-49BE-9F67-CC220EB03006}
	EndGlobalSection
EndGlobal
